// !$*UTF8*$!
{
	archiveVersion = 1;
	classes = {
	};
	objectVersion = 48;
	objects = {

/* Begin PBXBuildFile section */
		D1D9A9672012232E00D77D4F /* AppDelegate.swift in Sources */ = {isa = PBXBuildFile; fileRef = D1D9A9662012232E00D77D4F /* AppDelegate.swift */; };
		D1D9A9692012232E00D77D4F /* ViewController.swift in Sources */ = {isa = PBXBuildFile; fileRef = D1D9A9682012232E00D77D4F /* ViewController.swift */; };
		D1D9A96C2012232E00D77D4F /* Main.storyboard in Resources */ = {isa = PBXBuildFile; fileRef = D1D9A96A2012232E00D77D4F /* Main.storyboard */; };
		D1D9A96E2012232E00D77D4F /* Assets.xcassets in Resources */ = {isa = PBXBuildFile; fileRef = D1D9A96D2012232E00D77D4F /* Assets.xcassets */; };
		D1D9A9712012232E00D77D4F /* LaunchScreen.storyboard in Resources */ = {isa = PBXBuildFile; fileRef = D1D9A96F2012232E00D77D4F /* LaunchScreen.storyboard */; };
		D1D9A97C2012232E00D77D4F /* SimpleWeatherAppTests.swift in Sources */ = {isa = PBXBuildFile; fileRef = D1D9A97B2012232E00D77D4F /* SimpleWeatherAppTests.swift */; };
		D1D9A9872012232E00D77D4F /* SimpleWeatherAppUITests.swift in Sources */ = {isa = PBXBuildFile; fileRef = D1D9A9862012232E00D77D4F /* SimpleWeatherAppUITests.swift */; };
		D1D9A99520138CAC00D77D4F /* WeatherFetcher.swift in Sources */ = {isa = PBXBuildFile; fileRef = D1D9A99420138CAC00D77D4F /* WeatherFetcher.swift */; };
		D1D9A99E2013B5D200D77D4F /* config.plist in Resources */ = {isa = PBXBuildFile; fileRef = D1D9A99D2013B5D200D77D4F /* config.plist */; };
		D1D9A9A22014A88C00D77D4F /* City.swift in Sources */ = {isa = PBXBuildFile; fileRef = D1D9A9A12014A88C00D77D4F /* City.swift */; };
		D1D9A9A42014A8AC00D77D4F /* Weather.swift in Sources */ = {isa = PBXBuildFile; fileRef = D1D9A9A32014A8AC00D77D4F /* Weather.swift */; };
		D1D9A9A62014A8DE00D77D4F /* NetworkFetcher.swift in Sources */ = {isa = PBXBuildFile; fileRef = D1D9A9A52014A8DE00D77D4F /* NetworkFetcher.swift */; };
		D1D9A9A82014A8FF00D77D4F /* Configuration.swift in Sources */ = {isa = PBXBuildFile; fileRef = D1D9A9A72014A8FF00D77D4F /* Configuration.swift */; };
		D1D9A9AA2014A91D00D77D4F /* Fetcher.swift in Sources */ = {isa = PBXBuildFile; fileRef = D1D9A9A92014A91D00D77D4F /* Fetcher.swift */; };
		D1D9A9AD2014AA9500D77D4F /* WeatherViewController.swift in Sources */ = {isa = PBXBuildFile; fileRef = D1D9A9AC2014AA9500D77D4F /* WeatherViewController.swift */; };
		D1D9A9AF2014B81200D77D4F /* ThermometerView.swift in Sources */ = {isa = PBXBuildFile; fileRef = D1D9A9AE2014B81200D77D4F /* ThermometerView.swift */; };
		D1E7BA3B2015200F00336A9D /* RecentSearchesPersistance.swift in Sources */ = {isa = PBXBuildFile; fileRef = D1E7BA3A2015200F00336A9D /* RecentSearchesPersistance.swift */; };
		D1E7BA3D2015204600336A9D /* UserDefaults+RecentsPersistance.swift in Sources */ = {isa = PBXBuildFile; fileRef = D1E7BA3C2015204600336A9D /* UserDefaults+RecentsPersistance.swift */; };
		D1E7BA402015207F00336A9D /* Array+Convenience.swift in Sources */ = {isa = PBXBuildFile; fileRef = D1E7BA3F2015207F00336A9D /* Array+Convenience.swift */; };
		D1E7BA43201524E900336A9D /* SQLite.swift in Sources */ = {isa = PBXBuildFile; fileRef = D1E7BA42201524E900336A9D /* SQLite.swift */; };
		D1E7BA46201529D700336A9D /* citylist.sqlite3 in Resources */ = {isa = PBXBuildFile; fileRef = D1E7BA45201529D700336A9D /* citylist.sqlite3 */; };
		D1E7BA4920152E3800336A9D /* CityListProvider.swift in Sources */ = {isa = PBXBuildFile; fileRef = D1E7BA4820152E3800336A9D /* CityListProvider.swift */; };
		D1E7BA4B20152E7500336A9D /* SQLiteCityListProvider.swift in Sources */ = {isa = PBXBuildFile; fileRef = D1E7BA4A20152E7500336A9D /* SQLiteCityListProvider.swift */; };
/* End PBXBuildFile section */

/* Begin PBXContainerItemProxy section */
		D1D9A9782012232E00D77D4F /* PBXContainerItemProxy */ = {
			isa = PBXContainerItemProxy;
			containerPortal = D1D9A95B2012232E00D77D4F /* Project object */;
			proxyType = 1;
			remoteGlobalIDString = D1D9A9622012232E00D77D4F;
			remoteInfo = SimpleWeatherApp;
		};
		D1D9A9832012232E00D77D4F /* PBXContainerItemProxy */ = {
			isa = PBXContainerItemProxy;
			containerPortal = D1D9A95B2012232E00D77D4F /* Project object */;
			proxyType = 1;
			remoteGlobalIDString = D1D9A9622012232E00D77D4F;
			remoteInfo = SimpleWeatherApp;
		};
/* End PBXContainerItemProxy section */

/* Begin PBXFileReference section */
		D1D9A9632012232E00D77D4F /* SimpleWeatherApp.app */ = {isa = PBXFileReference; explicitFileType = wrapper.application; includeInIndex = 0; path = SimpleWeatherApp.app; sourceTree = BUILT_PRODUCTS_DIR; };
		D1D9A9662012232E00D77D4F /* AppDelegate.swift */ = {isa = PBXFileReference; lastKnownFileType = sourcecode.swift; path = AppDelegate.swift; sourceTree = "<group>"; };
		D1D9A9682012232E00D77D4F /* ViewController.swift */ = {isa = PBXFileReference; lastKnownFileType = sourcecode.swift; path = ViewController.swift; sourceTree = "<group>"; };
		D1D9A96B2012232E00D77D4F /* Base */ = {isa = PBXFileReference; lastKnownFileType = file.storyboard; name = Base; path = Base.lproj/Main.storyboard; sourceTree = "<group>"; };
		D1D9A96D2012232E00D77D4F /* Assets.xcassets */ = {isa = PBXFileReference; lastKnownFileType = folder.assetcatalog; path = Assets.xcassets; sourceTree = "<group>"; };
		D1D9A9702012232E00D77D4F /* Base */ = {isa = PBXFileReference; lastKnownFileType = file.storyboard; name = Base; path = Base.lproj/LaunchScreen.storyboard; sourceTree = "<group>"; };
		D1D9A9722012232E00D77D4F /* Info.plist */ = {isa = PBXFileReference; lastKnownFileType = text.plist.xml; path = Info.plist; sourceTree = "<group>"; };
		D1D9A9772012232E00D77D4F /* SimpleWeatherAppTests.xctest */ = {isa = PBXFileReference; explicitFileType = wrapper.cfbundle; includeInIndex = 0; path = SimpleWeatherAppTests.xctest; sourceTree = BUILT_PRODUCTS_DIR; };
		D1D9A97B2012232E00D77D4F /* SimpleWeatherAppTests.swift */ = {isa = PBXFileReference; lastKnownFileType = sourcecode.swift; path = SimpleWeatherAppTests.swift; sourceTree = "<group>"; };
		D1D9A97D2012232E00D77D4F /* Info.plist */ = {isa = PBXFileReference; lastKnownFileType = text.plist.xml; path = Info.plist; sourceTree = "<group>"; };
		D1D9A9822012232E00D77D4F /* SimpleWeatherAppUITests.xctest */ = {isa = PBXFileReference; explicitFileType = wrapper.cfbundle; includeInIndex = 0; path = SimpleWeatherAppUITests.xctest; sourceTree = BUILT_PRODUCTS_DIR; };
		D1D9A9862012232E00D77D4F /* SimpleWeatherAppUITests.swift */ = {isa = PBXFileReference; lastKnownFileType = sourcecode.swift; path = SimpleWeatherAppUITests.swift; sourceTree = "<group>"; };
		D1D9A9882012232E00D77D4F /* Info.plist */ = {isa = PBXFileReference; lastKnownFileType = text.plist.xml; path = Info.plist; sourceTree = "<group>"; };
		D1D9A99420138CAC00D77D4F /* WeatherFetcher.swift */ = {isa = PBXFileReference; lastKnownFileType = sourcecode.swift; path = WeatherFetcher.swift; sourceTree = "<group>"; };
		D1D9A99D2013B5D200D77D4F /* config.plist */ = {isa = PBXFileReference; lastKnownFileType = text.plist.xml; path = config.plist; sourceTree = "<group>"; };
		D1D9A9A12014A88C00D77D4F /* City.swift */ = {isa = PBXFileReference; lastKnownFileType = sourcecode.swift; path = City.swift; sourceTree = "<group>"; };
		D1D9A9A32014A8AC00D77D4F /* Weather.swift */ = {isa = PBXFileReference; lastKnownFileType = sourcecode.swift; path = Weather.swift; sourceTree = "<group>"; };
		D1D9A9A52014A8DE00D77D4F /* NetworkFetcher.swift */ = {isa = PBXFileReference; lastKnownFileType = sourcecode.swift; path = NetworkFetcher.swift; sourceTree = "<group>"; };
		D1D9A9A72014A8FF00D77D4F /* Configuration.swift */ = {isa = PBXFileReference; lastKnownFileType = sourcecode.swift; path = Configuration.swift; sourceTree = "<group>"; };
		D1D9A9A92014A91D00D77D4F /* Fetcher.swift */ = {isa = PBXFileReference; lastKnownFileType = sourcecode.swift; path = Fetcher.swift; sourceTree = "<group>"; };
		D1D9A9AC2014AA9500D77D4F /* WeatherViewController.swift */ = {isa = PBXFileReference; lastKnownFileType = sourcecode.swift; path = WeatherViewController.swift; sourceTree = "<group>"; };
		D1D9A9AE2014B81200D77D4F /* ThermometerView.swift */ = {isa = PBXFileReference; lastKnownFileType = sourcecode.swift; path = ThermometerView.swift; sourceTree = "<group>"; };
		D1E7BA3A2015200F00336A9D /* RecentSearchesPersistance.swift */ = {isa = PBXFileReference; lastKnownFileType = sourcecode.swift; path = RecentSearchesPersistance.swift; sourceTree = "<group>"; };
		D1E7BA3C2015204600336A9D /* UserDefaults+RecentsPersistance.swift */ = {isa = PBXFileReference; lastKnownFileType = sourcecode.swift; path = "UserDefaults+RecentsPersistance.swift"; sourceTree = "<group>"; };
		D1E7BA3F2015207F00336A9D /* Array+Convenience.swift */ = {isa = PBXFileReference; lastKnownFileType = sourcecode.swift; path = "Array+Convenience.swift"; sourceTree = "<group>"; };
		D1E7BA42201524E900336A9D /* SQLite.swift */ = {isa = PBXFileReference; fileEncoding = 4; lastKnownFileType = sourcecode.swift; path = SQLite.swift; sourceTree = "<group>"; };
		D1E7BA442015254900336A9D /* SimpleWeatherApp-BridgingHeader.h */ = {isa = PBXFileReference; lastKnownFileType = sourcecode.c.h; path = "SimpleWeatherApp-BridgingHeader.h"; sourceTree = "<group>"; };
		D1E7BA45201529D700336A9D /* citylist.sqlite3 */ = {isa = PBXFileReference; lastKnownFileType = file; path = citylist.sqlite3; sourceTree = "<group>"; };
		D1E7BA4820152E3800336A9D /* CityListProvider.swift */ = {isa = PBXFileReference; lastKnownFileType = sourcecode.swift; path = CityListProvider.swift; sourceTree = "<group>"; };
		D1E7BA4A20152E7500336A9D /* SQLiteCityListProvider.swift */ = {isa = PBXFileReference; lastKnownFileType = sourcecode.swift; path = SQLiteCityListProvider.swift; sourceTree = "<group>"; };
/* End PBXFileReference section */

/* Begin PBXFrameworksBuildPhase section */
		D1D9A9602012232E00D77D4F /* Frameworks */ = {
			isa = PBXFrameworksBuildPhase;
			buildActionMask = 2147483647;
			files = (
			);
			runOnlyForDeploymentPostprocessing = 0;
		};
		D1D9A9742012232E00D77D4F /* Frameworks */ = {
			isa = PBXFrameworksBuildPhase;
			buildActionMask = 2147483647;
			files = (
			);
			runOnlyForDeploymentPostprocessing = 0;
		};
		D1D9A97F2012232E00D77D4F /* Frameworks */ = {
			isa = PBXFrameworksBuildPhase;
			buildActionMask = 2147483647;
			files = (
			);
			runOnlyForDeploymentPostprocessing = 0;
		};
/* End PBXFrameworksBuildPhase section */

/* Begin PBXGroup section */
		D1D9A95A2012232E00D77D4F = {
			isa = PBXGroup;
			children = (
				D1D9A9652012232E00D77D4F /* SimpleWeatherApp */,
				D1D9A97A2012232E00D77D4F /* SimpleWeatherAppTests */,
				D1D9A9852012232E00D77D4F /* SimpleWeatherAppUITests */,
				D1D9A9642012232E00D77D4F /* Products */,
			);
			sourceTree = "<group>";
		};
		D1D9A9642012232E00D77D4F /* Products */ = {
			isa = PBXGroup;
			children = (
				D1D9A9632012232E00D77D4F /* SimpleWeatherApp.app */,
				D1D9A9772012232E00D77D4F /* SimpleWeatherAppTests.xctest */,
				D1D9A9822012232E00D77D4F /* SimpleWeatherAppUITests.xctest */,
			);
			name = Products;
			sourceTree = "<group>";
		};
		D1D9A9652012232E00D77D4F /* SimpleWeatherApp */ = {
			isa = PBXGroup;
			children = (
				D1E7BA4720152E2600336A9D /* CityList */,
				D1E7BA41201524D000336A9D /* SQLite */,
				D1E7BA3E2015206500336A9D /* Helpers */,
				D1E7BA3920151FF100336A9D /* Persistance */,
				D1D9A99F2014A86D00D77D4F /* Networking */,
				D1D9A9662012232E00D77D4F /* AppDelegate.swift */,
				D1D9A9682012232E00D77D4F /* ViewController.swift */,
				D1D9A9AC2014AA9500D77D4F /* WeatherViewController.swift */,
				D1D9A9AE2014B81200D77D4F /* ThermometerView.swift */,
				D1D9A96A2012232E00D77D4F /* Main.storyboard */,
				D1D9A96D2012232E00D77D4F /* Assets.xcassets */,
				D1D9A96F2012232E00D77D4F /* LaunchScreen.storyboard */,
				D1D9A9722012232E00D77D4F /* Info.plist */,
				D1D9A9962013A7EB00D77D4F /* Supporting Files */,
			);
			path = SimpleWeatherApp;
			sourceTree = "<group>";
		};
		D1D9A97A2012232E00D77D4F /* SimpleWeatherAppTests */ = {
			isa = PBXGroup;
			children = (
				D1D9A97B2012232E00D77D4F /* SimpleWeatherAppTests.swift */,
				D1D9A97D2012232E00D77D4F /* Info.plist */,
			);
			path = SimpleWeatherAppTests;
			sourceTree = "<group>";
		};
		D1D9A9852012232E00D77D4F /* SimpleWeatherAppUITests */ = {
			isa = PBXGroup;
			children = (
				D1D9A9862012232E00D77D4F /* SimpleWeatherAppUITests.swift */,
				D1D9A9882012232E00D77D4F /* Info.plist */,
			);
			path = SimpleWeatherAppUITests;
			sourceTree = "<group>";
		};
		D1D9A9962013A7EB00D77D4F /* Supporting Files */ = {
			isa = PBXGroup;
			children = (
				D1E7BA45201529D700336A9D /* citylist.sqlite3 */,
				D1D9A99D2013B5D200D77D4F /* config.plist */,
				D1E7BA442015254900336A9D /* SimpleWeatherApp-BridgingHeader.h */,
			);
			path = "Supporting Files";
			sourceTree = "<group>";
		};
		D1D9A99F2014A86D00D77D4F /* Networking */ = {
			isa = PBXGroup;
			children = (
				D1D9A9AB2014A93B00D77D4F /* Fetchers */,
				D1D9A9A02014A87D00D77D4F /* Models */,
				D1D9A9A52014A8DE00D77D4F /* NetworkFetcher.swift */,
				D1D9A9A72014A8FF00D77D4F /* Configuration.swift */,
				D1D9A9A92014A91D00D77D4F /* Fetcher.swift */,
			);
			path = Networking;
			sourceTree = "<group>";
		};
		D1D9A9A02014A87D00D77D4F /* Models */ = {
			isa = PBXGroup;
			children = (
				D1D9A9A12014A88C00D77D4F /* City.swift */,
				D1D9A9A32014A8AC00D77D4F /* Weather.swift */,
			);
			path = Models;
			sourceTree = "<group>";
		};
		D1D9A9AB2014A93B00D77D4F /* Fetchers */ = {
			isa = PBXGroup;
			children = (
				D1D9A99420138CAC00D77D4F /* WeatherFetcher.swift */,
			);
			path = Fetchers;
			sourceTree = "<group>";
		};
		D1E7BA3920151FF100336A9D /* Persistance */ = {
			isa = PBXGroup;
			children = (
				D1E7BA3A2015200F00336A9D /* RecentSearchesPersistance.swift */,
				D1E7BA3C2015204600336A9D /* UserDefaults+RecentsPersistance.swift */,
			);
			path = Persistance;
			sourceTree = "<group>";
		};
		D1E7BA3E2015206500336A9D /* Helpers */ = {
			isa = PBXGroup;
			children = (
				D1E7BA3F2015207F00336A9D /* Array+Convenience.swift */,
			);
			path = Helpers;
			sourceTree = "<group>";
		};
		D1E7BA41201524D000336A9D /* SQLite */ = {
			isa = PBXGroup;
			children = (
				D1E7BA42201524E900336A9D /* SQLite.swift */,
			);
			path = SQLite;
			sourceTree = "<group>";
		};
		D1E7BA4720152E2600336A9D /* CityList */ = {
			isa = PBXGroup;
			children = (
				D1E7BA4820152E3800336A9D /* CityListProvider.swift */,
				D1E7BA4A20152E7500336A9D /* SQLiteCityListProvider.swift */,
			);
			path = CityList;
			sourceTree = "<group>";
		};
/* End PBXGroup section */

/* Begin PBXNativeTarget section */
		D1D9A9622012232E00D77D4F /* SimpleWeatherApp */ = {
			isa = PBXNativeTarget;
			buildConfigurationList = D1D9A98B2012232E00D77D4F /* Build configuration list for PBXNativeTarget "SimpleWeatherApp" */;
			buildPhases = (
				D1D9A95F2012232E00D77D4F /* Sources */,
				D1D9A9602012232E00D77D4F /* Frameworks */,
				D1D9A9612012232E00D77D4F /* Resources */,
			);
			buildRules = (
			);
			dependencies = (
			);
			name = SimpleWeatherApp;
			productName = SimpleWeatherApp;
			productReference = D1D9A9632012232E00D77D4F /* SimpleWeatherApp.app */;
			productType = "com.apple.product-type.application";
		};
		D1D9A9762012232E00D77D4F /* SimpleWeatherAppTests */ = {
			isa = PBXNativeTarget;
			buildConfigurationList = D1D9A98E2012232E00D77D4F /* Build configuration list for PBXNativeTarget "SimpleWeatherAppTests" */;
			buildPhases = (
				D1D9A9732012232E00D77D4F /* Sources */,
				D1D9A9742012232E00D77D4F /* Frameworks */,
				D1D9A9752012232E00D77D4F /* Resources */,
			);
			buildRules = (
			);
			dependencies = (
				D1D9A9792012232E00D77D4F /* PBXTargetDependency */,
			);
			name = SimpleWeatherAppTests;
			productName = SimpleWeatherAppTests;
			productReference = D1D9A9772012232E00D77D4F /* SimpleWeatherAppTests.xctest */;
			productType = "com.apple.product-type.bundle.unit-test";
		};
		D1D9A9812012232E00D77D4F /* SimpleWeatherAppUITests */ = {
			isa = PBXNativeTarget;
			buildConfigurationList = D1D9A9912012232E00D77D4F /* Build configuration list for PBXNativeTarget "SimpleWeatherAppUITests" */;
			buildPhases = (
				D1D9A97E2012232E00D77D4F /* Sources */,
				D1D9A97F2012232E00D77D4F /* Frameworks */,
				D1D9A9802012232E00D77D4F /* Resources */,
			);
			buildRules = (
			);
			dependencies = (
				D1D9A9842012232E00D77D4F /* PBXTargetDependency */,
			);
			name = SimpleWeatherAppUITests;
			productName = SimpleWeatherAppUITests;
			productReference = D1D9A9822012232E00D77D4F /* SimpleWeatherAppUITests.xctest */;
			productType = "com.apple.product-type.bundle.ui-testing";
		};
/* End PBXNativeTarget section */

/* Begin PBXProject section */
		D1D9A95B2012232E00D77D4F /* Project object */ = {
			isa = PBXProject;
			attributes = {
				LastSwiftUpdateCheck = 0920;
				LastUpgradeCheck = 0920;
				ORGANIZATIONNAME = "Justyna Dolińska";
				TargetAttributes = {
					D1D9A9622012232E00D77D4F = {
						CreatedOnToolsVersion = 9.2;
						ProvisioningStyle = Automatic;
					};
					D1D9A9762012232E00D77D4F = {
						CreatedOnToolsVersion = 9.2;
						ProvisioningStyle = Automatic;
						TestTargetID = D1D9A9622012232E00D77D4F;
					};
					D1D9A9812012232E00D77D4F = {
						CreatedOnToolsVersion = 9.2;
						ProvisioningStyle = Automatic;
						TestTargetID = D1D9A9622012232E00D77D4F;
					};
				};
			};
			buildConfigurationList = D1D9A95E2012232E00D77D4F /* Build configuration list for PBXProject "SimpleWeatherApp" */;
			compatibilityVersion = "Xcode 8.0";
			developmentRegion = en;
			hasScannedForEncodings = 0;
			knownRegions = (
				en,
				Base,
			);
			mainGroup = D1D9A95A2012232E00D77D4F;
			productRefGroup = D1D9A9642012232E00D77D4F /* Products */;
			projectDirPath = "";
			projectRoot = "";
			targets = (
				D1D9A9622012232E00D77D4F /* SimpleWeatherApp */,
				D1D9A9762012232E00D77D4F /* SimpleWeatherAppTests */,
				D1D9A9812012232E00D77D4F /* SimpleWeatherAppUITests */,
			);
		};
/* End PBXProject section */

/* Begin PBXResourcesBuildPhase section */
		D1D9A9612012232E00D77D4F /* Resources */ = {
			isa = PBXResourcesBuildPhase;
			buildActionMask = 2147483647;
			files = (
				D1D9A9712012232E00D77D4F /* LaunchScreen.storyboard in Resources */,
				D1E7BA46201529D700336A9D /* citylist.sqlite3 in Resources */,
				D1D9A96E2012232E00D77D4F /* Assets.xcassets in Resources */,
				D1D9A96C2012232E00D77D4F /* Main.storyboard in Resources */,
				D1D9A99E2013B5D200D77D4F /* config.plist in Resources */,
			);
			runOnlyForDeploymentPostprocessing = 0;
		};
		D1D9A9752012232E00D77D4F /* Resources */ = {
			isa = PBXResourcesBuildPhase;
			buildActionMask = 2147483647;
			files = (
			);
			runOnlyForDeploymentPostprocessing = 0;
		};
		D1D9A9802012232E00D77D4F /* Resources */ = {
			isa = PBXResourcesBuildPhase;
			buildActionMask = 2147483647;
			files = (
			);
			runOnlyForDeploymentPostprocessing = 0;
		};
/* End PBXResourcesBuildPhase section */

/* Begin PBXSourcesBuildPhase section */
		D1D9A95F2012232E00D77D4F /* Sources */ = {
			isa = PBXSourcesBuildPhase;
			buildActionMask = 2147483647;
			files = (
				D1D9A9692012232E00D77D4F /* ViewController.swift in Sources */,
				D1E7BA43201524E900336A9D /* SQLite.swift in Sources */,
				D1D9A9AF2014B81200D77D4F /* ThermometerView.swift in Sources */,
				D1D9A9AD2014AA9500D77D4F /* WeatherViewController.swift in Sources */,
				D1E7BA3D2015204600336A9D /* UserDefaults+RecentsPersistance.swift in Sources */,
				D1D9A9AA2014A91D00D77D4F /* Fetcher.swift in Sources */,
				D1E7BA3B2015200F00336A9D /* RecentSearchesPersistance.swift in Sources */,
				D1D9A9672012232E00D77D4F /* AppDelegate.swift in Sources */,
				D1D9A9A82014A8FF00D77D4F /* Configuration.swift in Sources */,
				D1E7BA4B20152E7500336A9D /* SQLiteCityListProvider.swift in Sources */,
				D1D9A9A22014A88C00D77D4F /* City.swift in Sources */,
				D1E7BA4920152E3800336A9D /* CityListProvider.swift in Sources */,
				D1D9A99520138CAC00D77D4F /* WeatherFetcher.swift in Sources */,
				D1D9A9A62014A8DE00D77D4F /* NetworkFetcher.swift in Sources */,
				D1E7BA402015207F00336A9D /* Array+Convenience.swift in Sources */,
				D1D9A9A42014A8AC00D77D4F /* Weather.swift in Sources */,
			);
			runOnlyForDeploymentPostprocessing = 0;
		};
		D1D9A9732012232E00D77D4F /* Sources */ = {
			isa = PBXSourcesBuildPhase;
			buildActionMask = 2147483647;
			files = (
				D1D9A97C2012232E00D77D4F /* SimpleWeatherAppTests.swift in Sources */,
			);
			runOnlyForDeploymentPostprocessing = 0;
		};
		D1D9A97E2012232E00D77D4F /* Sources */ = {
			isa = PBXSourcesBuildPhase;
			buildActionMask = 2147483647;
			files = (
				D1D9A9872012232E00D77D4F /* SimpleWeatherAppUITests.swift in Sources */,
			);
			runOnlyForDeploymentPostprocessing = 0;
		};
/* End PBXSourcesBuildPhase section */

/* Begin PBXTargetDependency section */
		D1D9A9792012232E00D77D4F /* PBXTargetDependency */ = {
			isa = PBXTargetDependency;
			target = D1D9A9622012232E00D77D4F /* SimpleWeatherApp */;
			targetProxy = D1D9A9782012232E00D77D4F /* PBXContainerItemProxy */;
		};
		D1D9A9842012232E00D77D4F /* PBXTargetDependency */ = {
			isa = PBXTargetDependency;
			target = D1D9A9622012232E00D77D4F /* SimpleWeatherApp */;
			targetProxy = D1D9A9832012232E00D77D4F /* PBXContainerItemProxy */;
		};
/* End PBXTargetDependency section */

/* Begin PBXVariantGroup section */
		D1D9A96A2012232E00D77D4F /* Main.storyboard */ = {
			isa = PBXVariantGroup;
			children = (
				D1D9A96B2012232E00D77D4F /* Base */,
			);
			name = Main.storyboard;
			sourceTree = "<group>";
		};
		D1D9A96F2012232E00D77D4F /* LaunchScreen.storyboard */ = {
			isa = PBXVariantGroup;
			children = (
				D1D9A9702012232E00D77D4F /* Base */,
			);
			name = LaunchScreen.storyboard;
			sourceTree = "<group>";
		};
/* End PBXVariantGroup section */

/* Begin XCBuildConfiguration section */
		D1D9A9892012232E00D77D4F /* Debug */ = {
			isa = XCBuildConfiguration;
			buildSettings = {
				ALWAYS_SEARCH_USER_PATHS = NO;
				CLANG_ANALYZER_NONNULL = YES;
				CLANG_ANALYZER_NUMBER_OBJECT_CONVERSION = YES_AGGRESSIVE;
				CLANG_CXX_LANGUAGE_STANDARD = "gnu++14";
				CLANG_CXX_LIBRARY = "libc++";
				CLANG_ENABLE_MODULES = YES;
				CLANG_ENABLE_OBJC_ARC = YES;
				CLANG_WARN_BLOCK_CAPTURE_AUTORELEASING = YES;
				CLANG_WARN_BOOL_CONVERSION = YES;
				CLANG_WARN_COMMA = YES;
				CLANG_WARN_CONSTANT_CONVERSION = YES;
				CLANG_WARN_DIRECT_OBJC_ISA_USAGE = YES_ERROR;
				CLANG_WARN_DOCUMENTATION_COMMENTS = YES;
				CLANG_WARN_EMPTY_BODY = YES;
				CLANG_WARN_ENUM_CONVERSION = YES;
				CLANG_WARN_INFINITE_RECURSION = YES;
				CLANG_WARN_INT_CONVERSION = YES;
				CLANG_WARN_NON_LITERAL_NULL_CONVERSION = YES;
				CLANG_WARN_OBJC_LITERAL_CONVERSION = YES;
				CLANG_WARN_OBJC_ROOT_CLASS = YES_ERROR;
				CLANG_WARN_RANGE_LOOP_ANALYSIS = YES;
				CLANG_WARN_STRICT_PROTOTYPES = YES;
				CLANG_WARN_SUSPICIOUS_MOVE = YES;
				CLANG_WARN_UNGUARDED_AVAILABILITY = YES_AGGRESSIVE;
				CLANG_WARN_UNREACHABLE_CODE = YES;
				CLANG_WARN__DUPLICATE_METHOD_MATCH = YES;
				CODE_SIGN_IDENTITY = "iPhone Developer";
				COPY_PHASE_STRIP = NO;
				DEBUG_INFORMATION_FORMAT = dwarf;
				ENABLE_STRICT_OBJC_MSGSEND = YES;
				ENABLE_TESTABILITY = YES;
				GCC_C_LANGUAGE_STANDARD = gnu11;
				GCC_DYNAMIC_NO_PIC = NO;
				GCC_NO_COMMON_BLOCKS = YES;
				GCC_OPTIMIZATION_LEVEL = 0;
				GCC_PREPROCESSOR_DEFINITIONS = (
					"DEBUG=1",
					"$(inherited)",
				);
				GCC_WARN_64_TO_32_BIT_CONVERSION = YES;
				GCC_WARN_ABOUT_RETURN_TYPE = YES_ERROR;
				GCC_WARN_UNDECLARED_SELECTOR = YES;
				GCC_WARN_UNINITIALIZED_AUTOS = YES_AGGRESSIVE;
				GCC_WARN_UNUSED_FUNCTION = YES;
				GCC_WARN_UNUSED_VARIABLE = YES;
				IPHONEOS_DEPLOYMENT_TARGET = 11.2;
				MTL_ENABLE_DEBUG_INFO = YES;
				ONLY_ACTIVE_ARCH = YES;
				SDKROOT = iphoneos;
				SWIFT_ACTIVE_COMPILATION_CONDITIONS = DEBUG;
				SWIFT_OPTIMIZATION_LEVEL = "-Onone";
			};
			name = Debug;
		};
		D1D9A98A2012232E00D77D4F /* Release */ = {
			isa = XCBuildConfiguration;
			buildSettings = {
				ALWAYS_SEARCH_USER_PATHS = NO;
				CLANG_ANALYZER_NONNULL = YES;
				CLANG_ANALYZER_NUMBER_OBJECT_CONVERSION = YES_AGGRESSIVE;
				CLANG_CXX_LANGUAGE_STANDARD = "gnu++14";
				CLANG_CXX_LIBRARY = "libc++";
				CLANG_ENABLE_MODULES = YES;
				CLANG_ENABLE_OBJC_ARC = YES;
				CLANG_WARN_BLOCK_CAPTURE_AUTORELEASING = YES;
				CLANG_WARN_BOOL_CONVERSION = YES;
				CLANG_WARN_COMMA = YES;
				CLANG_WARN_CONSTANT_CONVERSION = YES;
				CLANG_WARN_DIRECT_OBJC_ISA_USAGE = YES_ERROR;
				CLANG_WARN_DOCUMENTATION_COMMENTS = YES;
				CLANG_WARN_EMPTY_BODY = YES;
				CLANG_WARN_ENUM_CONVERSION = YES;
				CLANG_WARN_INFINITE_RECURSION = YES;
				CLANG_WARN_INT_CONVERSION = YES;
				CLANG_WARN_NON_LITERAL_NULL_CONVERSION = YES;
				CLANG_WARN_OBJC_LITERAL_CONVERSION = YES;
				CLANG_WARN_OBJC_ROOT_CLASS = YES_ERROR;
				CLANG_WARN_RANGE_LOOP_ANALYSIS = YES;
				CLANG_WARN_STRICT_PROTOTYPES = YES;
				CLANG_WARN_SUSPICIOUS_MOVE = YES;
				CLANG_WARN_UNGUARDED_AVAILABILITY = YES_AGGRESSIVE;
				CLANG_WARN_UNREACHABLE_CODE = YES;
				CLANG_WARN__DUPLICATE_METHOD_MATCH = YES;
				CODE_SIGN_IDENTITY = "iPhone Developer";
				COPY_PHASE_STRIP = NO;
				DEBUG_INFORMATION_FORMAT = "dwarf-with-dsym";
				ENABLE_NS_ASSERTIONS = NO;
				ENABLE_STRICT_OBJC_MSGSEND = YES;
				GCC_C_LANGUAGE_STANDARD = gnu11;
				GCC_NO_COMMON_BLOCKS = YES;
				GCC_WARN_64_TO_32_BIT_CONVERSION = YES;
				GCC_WARN_ABOUT_RETURN_TYPE = YES_ERROR;
				GCC_WARN_UNDECLARED_SELECTOR = YES;
				GCC_WARN_UNINITIALIZED_AUTOS = YES_AGGRESSIVE;
				GCC_WARN_UNUSED_FUNCTION = YES;
				GCC_WARN_UNUSED_VARIABLE = YES;
				IPHONEOS_DEPLOYMENT_TARGET = 11.2;
				MTL_ENABLE_DEBUG_INFO = NO;
				SDKROOT = iphoneos;
				SWIFT_OPTIMIZATION_LEVEL = "-Owholemodule";
				VALIDATE_PRODUCT = YES;
			};
			name = Release;
		};
		D1D9A98C2012232E00D77D4F /* Debug */ = {
			isa = XCBuildConfiguration;
			buildSettings = {
				ASSETCATALOG_COMPILER_APPICON_NAME = AppIcon;
				CODE_SIGN_STYLE = Automatic;
				DEVELOPMENT_TEAM = NJLZGD3H3C;
				INFOPLIST_FILE = SimpleWeatherApp/Info.plist;
				IPHONEOS_DEPLOYMENT_TARGET = 10.0;
				LD_RUNPATH_SEARCH_PATHS = "$(inherited) @executable_path/Frameworks";
				PRODUCT_BUNDLE_IDENTIFIER = com.secansoida.SimpleWeatherApp;
				PRODUCT_NAME = "$(TARGET_NAME)";
				SWIFT_OBJC_BRIDGING_HEADER = "$(SRCROOT)/SimpleWeatherApp/Supporting Files/SimpleWeatherApp-BridgingHeader.h";
				SWIFT_VERSION = 4.0;
				TARGETED_DEVICE_FAMILY = 1;
			};
			name = Debug;
		};
		D1D9A98D2012232E00D77D4F /* Release */ = {
			isa = XCBuildConfiguration;
			buildSettings = {
				ASSETCATALOG_COMPILER_APPICON_NAME = AppIcon;
				CODE_SIGN_STYLE = Automatic;
				DEVELOPMENT_TEAM = NJLZGD3H3C;
				INFOPLIST_FILE = SimpleWeatherApp/Info.plist;
				IPHONEOS_DEPLOYMENT_TARGET = 10.0;
				LD_RUNPATH_SEARCH_PATHS = "$(inherited) @executable_path/Frameworks";
				PRODUCT_BUNDLE_IDENTIFIER = com.secansoida.SimpleWeatherApp;
				PRODUCT_NAME = "$(TARGET_NAME)";
				SWIFT_OBJC_BRIDGING_HEADER = "$(SRCROOT)/SimpleWeatherApp/Supporting Files/SimpleWeatherApp-BridgingHeader.h";
				SWIFT_VERSION = 4.0;
				TARGETED_DEVICE_FAMILY = 1;
			};
			name = Release;
		};
		D1D9A98F2012232E00D77D4F /* Debug */ = {
			isa = XCBuildConfiguration;
			buildSettings = {
				ALWAYS_EMBED_SWIFT_STANDARD_LIBRARIES = YES;
				BUNDLE_LOADER = "$(TEST_HOST)";
				CODE_SIGN_STYLE = Automatic;
				DEVELOPMENT_TEAM = NJLZGD3H3C;
				INFOPLIST_FILE = SimpleWeatherAppTests/Info.plist;
				LD_RUNPATH_SEARCH_PATHS = "$(inherited) @executable_path/Frameworks @loader_path/Frameworks";
				PRODUCT_BUNDLE_IDENTIFIER = com.secansoida.SimpleWeatherAppTests;
				PRODUCT_NAME = "$(TARGET_NAME)";
				SWIFT_VERSION = 4.0;
				TARGETED_DEVICE_FAMILY = "1,2";
				TEST_HOST = "$(BUILT_PRODUCTS_DIR)/SimpleWeatherApp.app/SimpleWeatherApp";
			};
			name = Debug;
		};
		D1D9A9902012232E00D77D4F /* Release */ = {
			isa = XCBuildConfiguration;
			buildSettings = {
				ALWAYS_EMBED_SWIFT_STANDARD_LIBRARIES = YES;
				BUNDLE_LOADER = "$(TEST_HOST)";
				CODE_SIGN_STYLE = Automatic;
				DEVELOPMENT_TEAM = NJLZGD3H3C;
				INFOPLIST_FILE = SimpleWeatherAppTests/Info.plist;
				LD_RUNPATH_SEARCH_PATHS = "$(inherited) @executable_path/Frameworks @loader_path/Frameworks";
				PRODUCT_BUNDLE_IDENTIFIER = com.secansoida.SimpleWeatherAppTests;
				PRODUCT_NAME = "$(TARGET_NAME)";
				SWIFT_VERSION = 4.0;
				TARGETED_DEVICE_FAMILY = "1,2";
				TEST_HOST = "$(BUILT_PRODUCTS_DIR)/SimpleWeatherApp.app/SimpleWeatherApp";
			};
			name = Release;
		};
		D1D9A9922012232E00D77D4F /* Debug */ = {
			isa = XCBuildConfiguration;
			buildSettings = {
				ALWAYS_EMBED_SWIFT_STANDARD_LIBRARIES = YES;
				CODE_SIGN_STYLE = Automatic;
				DEVELOPMENT_TEAM = NJLZGD3H3C;
				INFOPLIST_FILE = SimpleWeatherAppUITests/Info.plist;
				LD_RUNPATH_SEARCH_PATHS = "$(inherited) @executable_path/Frameworks @loader_path/Frameworks";
				PRODUCT_BUNDLE_IDENTIFIER = com.secansoida.SimpleWeatherAppUITests;
				PRODUCT_NAME = "$(TARGET_NAME)";
				SWIFT_VERSION = 4.0;
				TARGETED_DEVICE_FAMILY = "1,2";
				TEST_TARGET_NAME = SimpleWeatherApp;
			};
			name = Debug;
		};
		D1D9A9932012232E00D77D4F /* Release */ = {
			isa = XCBuildConfiguration;
			buildSettings = {
				ALWAYS_EMBED_SWIFT_STANDARD_LIBRARIES = YES;
				CODE_SIGN_STYLE = Automatic;
				DEVELOPMENT_TEAM = NJLZGD3H3C;
				INFOPLIST_FILE = SimpleWeatherAppUITests/Info.plist;
				LD_RUNPATH_SEARCH_PATHS = "$(inherited) @executable_path/Frameworks @loader_path/Frameworks";
				PRODUCT_BUNDLE_IDENTIFIER = com.secansoida.SimpleWeatherAppUITests;
				PRODUCT_NAME = "$(TARGET_NAME)";
				SWIFT_VERSION = 4.0;
				TARGETED_DEVICE_FAMILY = "1,2";
				TEST_TARGET_NAME = SimpleWeatherApp;
			};
			name = Release;
		};
/* End XCBuildConfiguration section */

/* Begin XCConfigurationList section */
		D1D9A95E2012232E00D77D4F /* Build configuration list for PBXProject "SimpleWeatherApp" */ = {
			isa = XCConfigurationList;
			buildConfigurations = (
				D1D9A9892012232E00D77D4F /* Debug */,
				D1D9A98A2012232E00D77D4F /* Release */,
			);
			defaultConfigurationIsVisible = 0;
			defaultConfigurationName = Release;
		};
		D1D9A98B2012232E00D77D4F /* Build configuration list for PBXNativeTarget "SimpleWeatherApp" */ = {
			isa = XCConfigurationList;
			buildConfigurations = (
				D1D9A98C2012232E00D77D4F /* Debug */,
				D1D9A98D2012232E00D77D4F /* Release */,
			);
			defaultConfigurationIsVisible = 0;
			defaultConfigurationName = Release;
		};
		D1D9A98E2012232E00D77D4F /* Build configuration list for PBXNativeTarget "SimpleWeatherAppTests" */ = {
			isa = XCConfigurationList;
			buildConfigurations = (
				D1D9A98F2012232E00D77D4F /* Debug */,
				D1D9A9902012232E00D77D4F /* Release */,
			);
			defaultConfigurationIsVisible = 0;
			defaultConfigurationName = Release;
		};
		D1D9A9912012232E00D77D4F /* Build configuration list for PBXNativeTarget "SimpleWeatherAppUITests" */ = {
			isa = XCConfigurationList;
			buildConfigurations = (
				D1D9A9922012232E00D77D4F /* Debug */,
				D1D9A9932012232E00D77D4F /* Release */,
			);
			defaultConfigurationIsVisible = 0;
			defaultConfigurationName = Release;
		};
/* End XCConfigurationList section */
	};
	rootObject = D1D9A95B2012232E00D77D4F /* Project object */;
}
